create-config:
  cmd: python -m weasel run create-config
  script:
    - python scripts/create_config.py en_core_web_sm ner configs/config.cfg
  deps:
    - path: scripts/create_config.py
      md5: e52eab279f8b3a1fd5a216f5a1f294a1
  outs:
    - path: configs/config.cfg
      md5: 3cca7cc068e5302121dd239386824faf
convert:
  cmd: python -m weasel run convert
  script:
    - python scripts/convert.py en assets/train.json corpus/train.spacy
    - python scripts/convert.py en assets/dev.json corpus/dev.spacy
  deps:
    - path: assets/train.json
      md5: 836cd4f508b28d3d7f32e3b2bf87ee10
    - path: assets/dev.json
      md5: cf1bb4c0169479107d6cab2d10b7edca
    - path: scripts/convert.py
      md5: e4b76279a5f6aa98035dc9e8be0c8ace
  outs:
    - path: corpus/train.spacy
      md5: 2de6ecf91f2fb33a2dd2fb7b711b39b2
    - path: corpus/dev.spacy
      md5: 20cb63a3e01d39e57b8d02e0f4b85940
train:
  cmd: python -m weasel run train
  script:
    - python -m spacy train configs/config.cfg --output training/ --paths.train corpus/train.spacy
      --paths.dev corpus/dev.spacy --training.eval_frequency 10 --training.max_steps
      500 --training.patience 50 --gpu-id -1
  deps:
    - path: configs/config.cfg
      md5: 7ef5f1ebef995cb420e49b5a28ff987e
    - path: corpus/train.spacy
      md5: 2de6ecf91f2fb33a2dd2fb7b711b39b2
    - path: corpus/dev.spacy
      md5: 20cb63a3e01d39e57b8d02e0f4b85940
  outs:
    - path: training/model-best
      md5: 950f81b9e3dc3a4d094a2b7225777a3b
evaluate:
  cmd: python -m weasel run evaluate
  script:
    - python -m spacy evaluate training/model-best corpus/dev.spacy --output training/metrics.json
  deps:
    - path: corpus/dev.spacy
      md5: 20cb63a3e01d39e57b8d02e0f4b85940
    - path: training/model-best
      md5: 7a49a31e78aac562ea4e0a5bc3bb4b48
  outs:
    - path: training/metrics.json
      md5: 9d202d5311613bd2756b182f0e379456
