data:
  cmd: python -m weasel run data
  script:
    - python ./scripts/parse_data.py assets/annotations.jsonl data/train.spacy data/dev.spacy
  deps:
    - path: assets/annotations.jsonl
      md5: 7e7b983c978a84ca7e129bb4e35c4094
  outs:
    - path: data/train.spacy
      md5: 795bb52f39bdb6c608a6e0bca46a2ca0
    - path: data/dev.spacy
      md5: e77a6e27e2dc30accb80b5a3d4840b34
train_cpu:
  cmd: python -m weasel run train_cpu
  script:
    - python -m spacy train configs/rel_tok2vec.cfg --output training --paths.train
      data/train.spacy --paths.dev data/dev.spacy -c ./scripts/custom_functions.py
  deps:
    - path: data/train.spacy
      md5: 28e4ed9e9c35ca61951c5a9eea999595
    - path: data/dev.spacy
      md5: e77a6e27e2dc30accb80b5a3d4840b34
  outs:
    - path: training/model-best
      md5: d069343fa4acdd032681b25503b5a7ed
evaluate:
  cmd: python -m weasel run evaluate
  script:
    - python ./scripts/evaluate.py training/model-best data/dev.spacy False
  deps:
    - path: training/model-best
      md5: d069343fa4acdd032681b25503b5a7ed
    - path: data/dev.spacy
      md5: null
  outs: []
